Microsoft Visual Studio Solution File, Format Version 12.00
# Visual Studio Version 17
VisualStudioVersion = 17.5.2.0
MinimumVisualStudioVersion = 10.0.40219.1
Project("{FAE04EC0-301F-11D3-BF4B-00C04F79EFBC}") = "CS3502-CPU_Scheduler_Console_App", "CS3502-CPU_Scheduler_Console_App.csproj", "{687FC7C6-BD3D-8F28-0720-75E04CE5972B}"
EndProject
Global
	GlobalSection(SolutionConfigurationPlatforms) = preSolution
		Debug|Any CPU = Debug|Any CPU
		Release|Any CPU = Release|Any CPU
	EndGlobalSection
	GlobalSection(ProjectConfigurationPlatforms) = postSolution
		{687FC7C6-BD3D-8F28-0720-75E04CE5972B}.Debug|Any CPU.ActiveCfg = Debug|Any CPU
		{687FC7C6-BD3D-8F28-0720-75E04CE5972B}.Debug|Any CPU.Build.0 = Debug|Any CPU
		{687FC7C6-BD3D-8F28-0720-75E04CE5972B}.Release|Any CPU.ActiveCfg = Release|Any CPU
		{687FC7C6-BD3D-8F28-0720-75E04CE5972B}.Release|Any CPU.Build.0 = Release|Any CPU
	EndGlobalSection
	GlobalSection(SolutionProperties) = preSolution
		HideSolutionNode = FALSE
	EndGlobalSection
	GlobalSection(ExtensibilityGlobals) = postSolution
		SolutionGuid = {A229EB04-4BDB-423C-AB49-BEDE4A0BAA78}
	EndGlobalSection
EndGlobal
